{
  "version": 4,
  "terraform_version": "1.0.9",
  "serial": 31,
  "lineage": "19243459-c636-f107-74be-7e5810bddced",
  "outputs": {},
  "resources": [
    {
      "mode": "managed",
      "type": "null_resource",
      "name": "set_celery_broker_of_worker",
      "provider": "provider[\"registry.terraform.io/hashicorp/null\"]",
      "instances": [
        {
          "status": "tainted",
          "schema_version": 0,
          "attributes": {
            "id": "5358527050777337069",
            "triggers": null
          },
          "sensitive_attributes": [],
          "private": "bnVsbA==",
          "dependencies": [
            "openstack_compute_floatingip_associate_v2.floatip_1",
            "openstack_compute_floatingip_associate_v2.floatip_2",
            "openstack_compute_instance_v2.BaaS-terraform-producer",
            "openstack_compute_instance_v2.BaaS-terraform-worker"
          ]
        }
      ]
    },
    {
      "mode": "managed",
      "type": "openstack_compute_floatingip_associate_v2",
      "name": "floatip_1",
      "provider": "provider[\"registry.terraform.io/terraform-provider-openstack/openstack\"]",
      "instances": [
        {
          "schema_version": 0,
          "attributes": {
            "fixed_ip": "",
            "floating_ip": "130.238.28.27",
            "id": "130.238.28.27/f0e1638b-c9e5-4903-96b4-6f1b0d9c5bb8/",
            "instance_id": "f0e1638b-c9e5-4903-96b4-6f1b0d9c5bb8",
            "region": "east-1",
            "timeouts": null,
            "wait_until_associated": null
          },
          "sensitive_attributes": [],
          "private": "eyJlMmJmYjczMC1lY2FhLTExZTYtOGY4OC0zNDM2M2JjN2M0YzAiOnsiY3JlYXRlIjo2MDAwMDAwMDAwMDB9fQ==",
          "dependencies": [
            "openstack_compute_instance_v2.BaaS-terraform-producer",
            "openstack_networking_floatingip_v2.floatip_1"
          ]
        }
      ]
    },
    {
      "mode": "managed",
      "type": "openstack_compute_floatingip_associate_v2",
      "name": "floatip_2",
      "provider": "provider[\"registry.terraform.io/terraform-provider-openstack/openstack\"]",
      "instances": [
        {
          "schema_version": 0,
          "attributes": {
            "fixed_ip": "",
            "floating_ip": "130.238.29.16",
            "id": "130.238.29.16/a7054fee-3244-4fba-8d63-23e08b37d8d2/",
            "instance_id": "a7054fee-3244-4fba-8d63-23e08b37d8d2",
            "region": "east-1",
            "timeouts": null,
            "wait_until_associated": null
          },
          "sensitive_attributes": [],
          "private": "eyJlMmJmYjczMC1lY2FhLTExZTYtOGY4OC0zNDM2M2JjN2M0YzAiOnsiY3JlYXRlIjo2MDAwMDAwMDAwMDB9fQ==",
          "dependencies": [
            "openstack_compute_instance_v2.BaaS-terraform-worker",
            "openstack_networking_floatingip_v2.floatip_2",
            "openstack_compute_instance_v2.BaaS-terraform-producer"
          ]
        }
      ]
    },
    {
      "mode": "managed",
      "type": "openstack_compute_instance_v2",
      "name": "BaaS-terraform-producer",
      "provider": "provider[\"registry.terraform.io/terraform-provider-openstack/openstack\"]",
      "instances": [
        {
          "schema_version": 0,
          "attributes": {
            "access_ip_v4": "192.168.2.208",
            "access_ip_v6": "",
            "admin_pass": null,
            "all_metadata": {},
            "all_tags": [],
            "availability_zone": "nova",
            "availability_zone_hints": null,
            "block_device": [],
            "config_drive": null,
            "flavor_id": "4068247c-2224-4cac-933e-f8f734b414f0",
            "flavor_name": "ssc.medium",
            "floating_ip": null,
            "force_delete": false,
            "id": "f0e1638b-c9e5-4903-96b4-6f1b0d9c5bb8",
            "image_id": "0b7f5fb5-a25c-48b6-8578-06dbfa160723",
            "image_name": "Ubuntu 18.04",
            "key_pair": "myKey",
            "metadata": null,
            "name": "BaaS-terraform-producer",
            "network": [
              {
                "access_network": false,
                "fixed_ip_v4": "192.168.2.208",
                "fixed_ip_v6": "",
                "floating_ip": "",
                "mac": "fa:16:3e:e2:51:31",
                "name": "UPPMAX 2021/1-5 Internal IPv4 Network",
                "port": "",
                "uuid": "e91303a0-9bfb-404c-84ec-07d6fbf8f33c"
              }
            ],
            "network_mode": null,
            "personality": [],
            "power_state": "active",
            "region": "east-1",
            "scheduler_hints": [],
            "security_groups": [
              "BaaS-security-group",
              "default"
            ],
            "stop_before_destroy": false,
            "tags": [],
            "timeouts": null,
            "user_data": "a2d6e3def0a1c4f41c26dfd5ade23341bd650efb",
            "vendor_options": [],
            "volume": []
          },
          "sensitive_attributes": [
            [
              {
                "type": "get_attr",
                "value": "key_pair"
              }
            ]
          ],
          "private": "eyJlMmJmYjczMC1lY2FhLTExZTYtOGY4OC0zNDM2M2JjN2M0YzAiOnsiY3JlYXRlIjoxODAwMDAwMDAwMDAwLCJkZWxldGUiOjE4MDAwMDAwMDAwMDAsInVwZGF0ZSI6MTgwMDAwMDAwMDAwMH19"
        }
      ]
    },
    {
      "mode": "managed",
      "type": "openstack_compute_instance_v2",
      "name": "BaaS-terraform-worker",
      "provider": "provider[\"registry.terraform.io/terraform-provider-openstack/openstack\"]",
      "instances": [
        {
          "schema_version": 0,
          "attributes": {
            "access_ip_v4": "192.168.2.219",
            "access_ip_v6": "",
            "admin_pass": null,
            "all_metadata": {},
            "all_tags": [],
            "availability_zone": "nova",
            "availability_zone_hints": null,
            "block_device": [],
            "config_drive": null,
            "flavor_id": "4068247c-2224-4cac-933e-f8f734b414f0",
            "flavor_name": "ssc.medium",
            "floating_ip": null,
            "force_delete": false,
            "id": "a7054fee-3244-4fba-8d63-23e08b37d8d2",
            "image_id": "0b7f5fb5-a25c-48b6-8578-06dbfa160723",
            "image_name": "Ubuntu 18.04",
            "key_pair": "myKey",
            "metadata": null,
            "name": "BaaS-terraform-worker",
            "network": [
              {
                "access_network": false,
                "fixed_ip_v4": "192.168.2.219",
                "fixed_ip_v6": "",
                "floating_ip": "",
                "mac": "fa:16:3e:2a:e0:64",
                "name": "UPPMAX 2021/1-5 Internal IPv4 Network",
                "port": "",
                "uuid": "e91303a0-9bfb-404c-84ec-07d6fbf8f33c"
              }
            ],
            "network_mode": null,
            "personality": [],
            "power_state": "active",
            "region": "east-1",
            "scheduler_hints": [],
            "security_groups": [
              "BaaS-security-group",
              "default"
            ],
            "stop_before_destroy": false,
            "tags": [],
            "timeouts": null,
            "user_data": "3516a9379e8974e8d69b5283240c1f71378fcc52",
            "vendor_options": [],
            "volume": []
          },
          "sensitive_attributes": [
            [
              {
                "type": "get_attr",
                "value": "key_pair"
              }
            ]
          ],
          "private": "eyJlMmJmYjczMC1lY2FhLTExZTYtOGY4OC0zNDM2M2JjN2M0YzAiOnsiY3JlYXRlIjoxODAwMDAwMDAwMDAwLCJkZWxldGUiOjE4MDAwMDAwMDAwMDAsInVwZGF0ZSI6MTgwMDAwMDAwMDAwMH19",
          "dependencies": [
            "openstack_compute_instance_v2.BaaS-terraform-producer"
          ]
        }
      ]
    },
    {
      "mode": "managed",
      "type": "openstack_networking_floatingip_v2",
      "name": "floatip_1",
      "provider": "provider[\"registry.terraform.io/terraform-provider-openstack/openstack\"]",
      "instances": [
        {
          "schema_version": 0,
          "attributes": {
            "address": "130.238.28.27",
            "all_tags": [],
            "description": "",
            "dns_domain": "",
            "dns_name": "",
            "fixed_ip": "192.168.2.208",
            "id": "68325753-293b-4b48-82e6-51394f2f6bb9",
            "pool": "Public External IPv4 Network",
            "port_id": "1c255e67-7c89-4d46-8ea9-76d0f848b335",
            "region": "east-1",
            "subnet_id": null,
            "tags": [],
            "tenant_id": "c32d121b91b648738e64d50490c05505",
            "timeouts": null,
            "value_specs": null
          },
          "sensitive_attributes": [],
          "private": "eyJlMmJmYjczMC1lY2FhLTExZTYtOGY4OC0zNDM2M2JjN2M0YzAiOnsiY3JlYXRlIjo2MDAwMDAwMDAwMDAsImRlbGV0ZSI6NjAwMDAwMDAwMDAwfX0="
        }
      ]
    },
    {
      "mode": "managed",
      "type": "openstack_networking_floatingip_v2",
      "name": "floatip_2",
      "provider": "provider[\"registry.terraform.io/terraform-provider-openstack/openstack\"]",
      "instances": [
        {
          "schema_version": 0,
          "attributes": {
            "address": "130.238.29.16",
            "all_tags": [],
            "description": "",
            "dns_domain": "",
            "dns_name": "",
            "fixed_ip": "192.168.2.219",
            "id": "f074a7c6-0dd1-402b-aeda-73faf13bc6dd",
            "pool": "Public External IPv4 Network",
            "port_id": "1e085565-aa78-44f6-9e78-cbc76006f121",
            "region": "east-1",
            "subnet_id": null,
            "tags": [],
            "tenant_id": "c32d121b91b648738e64d50490c05505",
            "timeouts": null,
            "value_specs": null
          },
          "sensitive_attributes": [],
          "private": "eyJlMmJmYjczMC1lY2FhLTExZTYtOGY4OC0zNDM2M2JjN2M0YzAiOnsiY3JlYXRlIjo2MDAwMDAwMDAwMDAsImRlbGV0ZSI6NjAwMDAwMDAwMDAwfX0="
        }
      ]
    }
  ]
}
